
Microsoft Visual Studio Solution File, Format Version 12.00
# Visual Studio 15
VisualStudioVersion = 15.0.26124.0
MinimumVisualStudioVersion = 15.0.26124.0
Project("{FAE04EC0-301F-11D3-BF4B-00C04F79EFBC}") = "Mastermind.GameLogic", "Mastermind.GameLogic\Mastermind.GameLogic.csproj", "{A8CD93DB-C341-41A1-B801-FBC8EED06658}"
EndProject
Project("{FAE04EC0-301F-11D3-BF4B-00C04F79EFBC}") = "Mastermind.GameLogic.Tests", "Mastermind.GameLogic.Tests\Mastermind.GameLogic.Tests.csproj", "{F916832F-2E55-44B1-8FB6-5A3976BF5D7D}"
EndProject
Project("{FAE04EC0-301F-11D3-BF4B-00C04F79EFBC}") = "Mastermind.ConsoleApp", "Mastermind.ConsoleApp\Mastermind.ConsoleApp.csproj", "{932899D6-F980-4DA5-9B25-2CA9305EFE43}"
EndProject
Global
	GlobalSection(SolutionConfigurationPlatforms) = preSolution
		Debug|Any CPU = Debug|Any CPU
		Debug|x64 = Debug|x64
		Debug|x86 = Debug|x86
		Release|Any CPU = Release|Any CPU
		Release|x64 = Release|x64
		Release|x86 = Release|x86
	EndGlobalSection
	GlobalSection(SolutionProperties) = preSolution
		HideSolutionNode = FALSE
	EndGlobalSection
	GlobalSection(ProjectConfigurationPlatforms) = postSolution
		{A8CD93DB-C341-41A1-B801-FBC8EED06658}.Debug|Any CPU.ActiveCfg = Debug|Any CPU
		{A8CD93DB-C341-41A1-B801-FBC8EED06658}.Debug|Any CPU.Build.0 = Debug|Any CPU
		{A8CD93DB-C341-41A1-B801-FBC8EED06658}.Debug|x64.ActiveCfg = Debug|Any CPU
		{A8CD93DB-C341-41A1-B801-FBC8EED06658}.Debug|x64.Build.0 = Debug|Any CPU
		{A8CD93DB-C341-41A1-B801-FBC8EED06658}.Debug|x86.ActiveCfg = Debug|Any CPU
		{A8CD93DB-C341-41A1-B801-FBC8EED06658}.Debug|x86.Build.0 = Debug|Any CPU
		{A8CD93DB-C341-41A1-B801-FBC8EED06658}.Release|Any CPU.ActiveCfg = Release|Any CPU
		{A8CD93DB-C341-41A1-B801-FBC8EED06658}.Release|Any CPU.Build.0 = Release|Any CPU
		{A8CD93DB-C341-41A1-B801-FBC8EED06658}.Release|x64.ActiveCfg = Release|Any CPU
		{A8CD93DB-C341-41A1-B801-FBC8EED06658}.Release|x64.Build.0 = Release|Any CPU
		{A8CD93DB-C341-41A1-B801-FBC8EED06658}.Release|x86.ActiveCfg = Release|Any CPU
		{A8CD93DB-C341-41A1-B801-FBC8EED06658}.Release|x86.Build.0 = Release|Any CPU
		{F916832F-2E55-44B1-8FB6-5A3976BF5D7D}.Debug|Any CPU.ActiveCfg = Debug|Any CPU
		{F916832F-2E55-44B1-8FB6-5A3976BF5D7D}.Debug|Any CPU.Build.0 = Debug|Any CPU
		{F916832F-2E55-44B1-8FB6-5A3976BF5D7D}.Debug|x64.ActiveCfg = Debug|Any CPU
		{F916832F-2E55-44B1-8FB6-5A3976BF5D7D}.Debug|x64.Build.0 = Debug|Any CPU
		{F916832F-2E55-44B1-8FB6-5A3976BF5D7D}.Debug|x86.ActiveCfg = Debug|Any CPU
		{F916832F-2E55-44B1-8FB6-5A3976BF5D7D}.Debug|x86.Build.0 = Debug|Any CPU
		{F916832F-2E55-44B1-8FB6-5A3976BF5D7D}.Release|Any CPU.ActiveCfg = Release|Any CPU
		{F916832F-2E55-44B1-8FB6-5A3976BF5D7D}.Release|Any CPU.Build.0 = Release|Any CPU
		{F916832F-2E55-44B1-8FB6-5A3976BF5D7D}.Release|x64.ActiveCfg = Release|Any CPU
		{F916832F-2E55-44B1-8FB6-5A3976BF5D7D}.Release|x64.Build.0 = Release|Any CPU
		{F916832F-2E55-44B1-8FB6-5A3976BF5D7D}.Release|x86.ActiveCfg = Release|Any CPU
		{F916832F-2E55-44B1-8FB6-5A3976BF5D7D}.Release|x86.Build.0 = Release|Any CPU
		{932899D6-F980-4DA5-9B25-2CA9305EFE43}.Debug|Any CPU.ActiveCfg = Debug|Any CPU
		{932899D6-F980-4DA5-9B25-2CA9305EFE43}.Debug|Any CPU.Build.0 = Debug|Any CPU
		{932899D6-F980-4DA5-9B25-2CA9305EFE43}.Debug|x64.ActiveCfg = Debug|Any CPU
		{932899D6-F980-4DA5-9B25-2CA9305EFE43}.Debug|x64.Build.0 = Debug|Any CPU
		{932899D6-F980-4DA5-9B25-2CA9305EFE43}.Debug|x86.ActiveCfg = Debug|Any CPU
		{932899D6-F980-4DA5-9B25-2CA9305EFE43}.Debug|x86.Build.0 = Debug|Any CPU
		{932899D6-F980-4DA5-9B25-2CA9305EFE43}.Release|Any CPU.ActiveCfg = Release|Any CPU
		{932899D6-F980-4DA5-9B25-2CA9305EFE43}.Release|Any CPU.Build.0 = Release|Any CPU
		{932899D6-F980-4DA5-9B25-2CA9305EFE43}.Release|x64.ActiveCfg = Release|Any CPU
		{932899D6-F980-4DA5-9B25-2CA9305EFE43}.Release|x64.Build.0 = Release|Any CPU
		{932899D6-F980-4DA5-9B25-2CA9305EFE43}.Release|x86.ActiveCfg = Release|Any CPU
		{932899D6-F980-4DA5-9B25-2CA9305EFE43}.Release|x86.Build.0 = Release|Any CPU
	EndGlobalSection
EndGlobal
