
Microsoft Visual Studio Solution File, Format Version 12.00
# Visual Studio 15
VisualStudioVersion = 15.0.26124.0
MinimumVisualStudioVersion = 15.0.26124.0
Project("{FAE04EC0-301F-11D3-BF4B-00C04F79EFBC}") = "Mastermind.GameLogic", "Mastermind.GameLogic\Mastermind.GameLogic.csproj", "{A8CD93DB-C341-41A1-B801-FBC8EED06658}"
EndProject
Project("{FAE04EC0-301F-11D3-BF4B-00C04F79EFBC}") = "Mastermind.GameLogic.Tests", "Mastermind.GameLogic.Tests\Mastermind.GameLogic.Tests.csproj", "{F916832F-2E55-44B1-8FB6-5A3976BF5D7D}"
EndProject
Project("{FAE04EC0-301F-11D3-BF4B-00C04F79EFBC}") = "Mastermind.HumanPlayer", "Mastermind.HumanPlayer\Mastermind.HumanPlayer.csproj", "{932899D6-F980-4DA5-9B25-2CA9305EFE43}"
EndProject
Project("{FAE04EC0-301F-11D3-BF4B-00C04F79EFBC}") = "Mastermind.HumanPlayer.Tests", "Mastermind.HumanPlayer.Tests\Mastermind.HumanPlayer.Tests.csproj", "{98D37D6A-131E-4A9A-A7EF-A1C99022CACD}"
EndProject
Project("{FAE04EC0-301F-11D3-BF4B-00C04F79EFBC}") = "Mastermind.PerformanceTestRunner", "Mastermind.PerformanceTestRunner\Mastermind.PerformanceTestRunner.csproj", "{5FC4E803-A18D-415F-BDD9-1492A793B2E6}"
EndProject
Project("{FAE04EC0-301F-11D3-BF4B-00C04F79EFBC}") = "Mastermind.Algorithms.FiveGuessAlgorithm", "Mastermind.Algorithms.FiveGuessAlgorithm\Mastermind.Algorithms.FiveGuessAlgorithm.csproj", "{302DDF83-A258-40BD-AA3F-9604340FD8A6}"
EndProject
Project("{FAE04EC0-301F-11D3-BF4B-00C04F79EFBC}") = "Mastermind.Algorithms.RandomGuessAmongPosibleSolutions", "Mastermind.Algorithms.RandomGuessAmongPosibleSolutions\Mastermind.Algorithms.RandomGuessAmongPosibleSolutions.csproj", "{6B944313-623C-4FFF-89BE-8920C8F3F8B7}"
EndProject
Project("{FAE04EC0-301F-11D3-BF4B-00C04F79EFBC}") = "Mastermind.Algorithms.FiveGuessAlgorithm.Tests", "Mastermind.Algorithms.FiveGuessAlgorithm.Tests\Mastermind.Algorithms.FiveGuessAlgorithm.Tests.csproj", "{C8C485C7-6CCC-4565-AEBB-7B4A4E83E056}"
EndProject
Project("{FAE04EC0-301F-11D3-BF4B-00C04F79EFBC}") = "Mastermind.Algorithms.RandomGuessAmongPosibleSolutions.Tests", "Mastermind.Algorithms.RandomGuessAmongPosibleSolutions.Tests\Mastermind.Algorithms.RandomGuessAmongPosibleSolutions.Tests.csproj", "{82671B69-FE91-42FE-BA84-DB66ABC1FD80}"
EndProject
Project("{FAE04EC0-301F-11D3-BF4B-00C04F79EFBC}") = "Mastermind.PerformanceTest.AllGames4Pins4PerLine", "Mastermind.PerformanceTest.AllGames4Pins4PerLine\Mastermind.PerformanceTest.AllGames4Pins4PerLine.csproj", "{CA47B326-B079-4CBE-8D6C-C73DBFB87B8E}"
EndProject
Project("{FAE04EC0-301F-11D3-BF4B-00C04F79EFBC}") = "Mastermind.PerformanceTest.RandomGames", "Mastermind.PerformanceTest.RandomGames\Mastermind.PerformanceTest.RandomGames.csproj", "{9BF35DC1-A42B-44C0-9133-DAD1ABF7C172}"
EndProject
Global
	GlobalSection(SolutionConfigurationPlatforms) = preSolution
		Debug|Any CPU = Debug|Any CPU
		Debug|x64 = Debug|x64
		Debug|x86 = Debug|x86
		Release|Any CPU = Release|Any CPU
		Release|x64 = Release|x64
		Release|x86 = Release|x86
	EndGlobalSection
	GlobalSection(SolutionProperties) = preSolution
		HideSolutionNode = FALSE
	EndGlobalSection
	GlobalSection(ProjectConfigurationPlatforms) = postSolution
		{A8CD93DB-C341-41A1-B801-FBC8EED06658}.Debug|Any CPU.ActiveCfg = Debug|Any CPU
		{A8CD93DB-C341-41A1-B801-FBC8EED06658}.Debug|Any CPU.Build.0 = Debug|Any CPU
		{A8CD93DB-C341-41A1-B801-FBC8EED06658}.Debug|x64.ActiveCfg = Debug|Any CPU
		{A8CD93DB-C341-41A1-B801-FBC8EED06658}.Debug|x64.Build.0 = Debug|Any CPU
		{A8CD93DB-C341-41A1-B801-FBC8EED06658}.Debug|x86.ActiveCfg = Debug|Any CPU
		{A8CD93DB-C341-41A1-B801-FBC8EED06658}.Debug|x86.Build.0 = Debug|Any CPU
		{A8CD93DB-C341-41A1-B801-FBC8EED06658}.Release|Any CPU.ActiveCfg = Release|Any CPU
		{A8CD93DB-C341-41A1-B801-FBC8EED06658}.Release|Any CPU.Build.0 = Release|Any CPU
		{A8CD93DB-C341-41A1-B801-FBC8EED06658}.Release|x64.ActiveCfg = Release|Any CPU
		{A8CD93DB-C341-41A1-B801-FBC8EED06658}.Release|x64.Build.0 = Release|Any CPU
		{A8CD93DB-C341-41A1-B801-FBC8EED06658}.Release|x86.ActiveCfg = Release|Any CPU
		{A8CD93DB-C341-41A1-B801-FBC8EED06658}.Release|x86.Build.0 = Release|Any CPU
		{F916832F-2E55-44B1-8FB6-5A3976BF5D7D}.Debug|Any CPU.ActiveCfg = Debug|Any CPU
		{F916832F-2E55-44B1-8FB6-5A3976BF5D7D}.Debug|Any CPU.Build.0 = Debug|Any CPU
		{F916832F-2E55-44B1-8FB6-5A3976BF5D7D}.Debug|x64.ActiveCfg = Debug|Any CPU
		{F916832F-2E55-44B1-8FB6-5A3976BF5D7D}.Debug|x64.Build.0 = Debug|Any CPU
		{F916832F-2E55-44B1-8FB6-5A3976BF5D7D}.Debug|x86.ActiveCfg = Debug|Any CPU
		{F916832F-2E55-44B1-8FB6-5A3976BF5D7D}.Debug|x86.Build.0 = Debug|Any CPU
		{F916832F-2E55-44B1-8FB6-5A3976BF5D7D}.Release|Any CPU.ActiveCfg = Release|Any CPU
		{F916832F-2E55-44B1-8FB6-5A3976BF5D7D}.Release|Any CPU.Build.0 = Release|Any CPU
		{F916832F-2E55-44B1-8FB6-5A3976BF5D7D}.Release|x64.ActiveCfg = Release|Any CPU
		{F916832F-2E55-44B1-8FB6-5A3976BF5D7D}.Release|x64.Build.0 = Release|Any CPU
		{F916832F-2E55-44B1-8FB6-5A3976BF5D7D}.Release|x86.ActiveCfg = Release|Any CPU
		{F916832F-2E55-44B1-8FB6-5A3976BF5D7D}.Release|x86.Build.0 = Release|Any CPU
		{932899D6-F980-4DA5-9B25-2CA9305EFE43}.Debug|Any CPU.ActiveCfg = Debug|Any CPU
		{932899D6-F980-4DA5-9B25-2CA9305EFE43}.Debug|Any CPU.Build.0 = Debug|Any CPU
		{932899D6-F980-4DA5-9B25-2CA9305EFE43}.Debug|x64.ActiveCfg = Debug|Any CPU
		{932899D6-F980-4DA5-9B25-2CA9305EFE43}.Debug|x64.Build.0 = Debug|Any CPU
		{932899D6-F980-4DA5-9B25-2CA9305EFE43}.Debug|x86.ActiveCfg = Debug|Any CPU
		{932899D6-F980-4DA5-9B25-2CA9305EFE43}.Debug|x86.Build.0 = Debug|Any CPU
		{932899D6-F980-4DA5-9B25-2CA9305EFE43}.Release|Any CPU.ActiveCfg = Release|Any CPU
		{932899D6-F980-4DA5-9B25-2CA9305EFE43}.Release|Any CPU.Build.0 = Release|Any CPU
		{932899D6-F980-4DA5-9B25-2CA9305EFE43}.Release|x64.ActiveCfg = Release|Any CPU
		{932899D6-F980-4DA5-9B25-2CA9305EFE43}.Release|x64.Build.0 = Release|Any CPU
		{932899D6-F980-4DA5-9B25-2CA9305EFE43}.Release|x86.ActiveCfg = Release|Any CPU
		{932899D6-F980-4DA5-9B25-2CA9305EFE43}.Release|x86.Build.0 = Release|Any CPU
		{98D37D6A-131E-4A9A-A7EF-A1C99022CACD}.Debug|Any CPU.ActiveCfg = Debug|Any CPU
		{98D37D6A-131E-4A9A-A7EF-A1C99022CACD}.Debug|Any CPU.Build.0 = Debug|Any CPU
		{98D37D6A-131E-4A9A-A7EF-A1C99022CACD}.Debug|x64.ActiveCfg = Debug|Any CPU
		{98D37D6A-131E-4A9A-A7EF-A1C99022CACD}.Debug|x64.Build.0 = Debug|Any CPU
		{98D37D6A-131E-4A9A-A7EF-A1C99022CACD}.Debug|x86.ActiveCfg = Debug|Any CPU
		{98D37D6A-131E-4A9A-A7EF-A1C99022CACD}.Debug|x86.Build.0 = Debug|Any CPU
		{98D37D6A-131E-4A9A-A7EF-A1C99022CACD}.Release|Any CPU.ActiveCfg = Release|Any CPU
		{98D37D6A-131E-4A9A-A7EF-A1C99022CACD}.Release|Any CPU.Build.0 = Release|Any CPU
		{98D37D6A-131E-4A9A-A7EF-A1C99022CACD}.Release|x64.ActiveCfg = Release|Any CPU
		{98D37D6A-131E-4A9A-A7EF-A1C99022CACD}.Release|x64.Build.0 = Release|Any CPU
		{98D37D6A-131E-4A9A-A7EF-A1C99022CACD}.Release|x86.ActiveCfg = Release|Any CPU
		{98D37D6A-131E-4A9A-A7EF-A1C99022CACD}.Release|x86.Build.0 = Release|Any CPU
		{5FC4E803-A18D-415F-BDD9-1492A793B2E6}.Debug|Any CPU.ActiveCfg = Debug|Any CPU
		{5FC4E803-A18D-415F-BDD9-1492A793B2E6}.Debug|Any CPU.Build.0 = Debug|Any CPU
		{5FC4E803-A18D-415F-BDD9-1492A793B2E6}.Debug|x64.ActiveCfg = Debug|Any CPU
		{5FC4E803-A18D-415F-BDD9-1492A793B2E6}.Debug|x64.Build.0 = Debug|Any CPU
		{5FC4E803-A18D-415F-BDD9-1492A793B2E6}.Debug|x86.ActiveCfg = Debug|Any CPU
		{5FC4E803-A18D-415F-BDD9-1492A793B2E6}.Debug|x86.Build.0 = Debug|Any CPU
		{5FC4E803-A18D-415F-BDD9-1492A793B2E6}.Release|Any CPU.ActiveCfg = Release|Any CPU
		{5FC4E803-A18D-415F-BDD9-1492A793B2E6}.Release|Any CPU.Build.0 = Release|Any CPU
		{5FC4E803-A18D-415F-BDD9-1492A793B2E6}.Release|x64.ActiveCfg = Release|Any CPU
		{5FC4E803-A18D-415F-BDD9-1492A793B2E6}.Release|x64.Build.0 = Release|Any CPU
		{5FC4E803-A18D-415F-BDD9-1492A793B2E6}.Release|x86.ActiveCfg = Release|Any CPU
		{5FC4E803-A18D-415F-BDD9-1492A793B2E6}.Release|x86.Build.0 = Release|Any CPU
		{302DDF83-A258-40BD-AA3F-9604340FD8A6}.Debug|Any CPU.ActiveCfg = Debug|Any CPU
		{302DDF83-A258-40BD-AA3F-9604340FD8A6}.Debug|Any CPU.Build.0 = Debug|Any CPU
		{302DDF83-A258-40BD-AA3F-9604340FD8A6}.Debug|x64.ActiveCfg = Debug|Any CPU
		{302DDF83-A258-40BD-AA3F-9604340FD8A6}.Debug|x64.Build.0 = Debug|Any CPU
		{302DDF83-A258-40BD-AA3F-9604340FD8A6}.Debug|x86.ActiveCfg = Debug|Any CPU
		{302DDF83-A258-40BD-AA3F-9604340FD8A6}.Debug|x86.Build.0 = Debug|Any CPU
		{302DDF83-A258-40BD-AA3F-9604340FD8A6}.Release|Any CPU.ActiveCfg = Release|Any CPU
		{302DDF83-A258-40BD-AA3F-9604340FD8A6}.Release|Any CPU.Build.0 = Release|Any CPU
		{302DDF83-A258-40BD-AA3F-9604340FD8A6}.Release|x64.ActiveCfg = Release|Any CPU
		{302DDF83-A258-40BD-AA3F-9604340FD8A6}.Release|x64.Build.0 = Release|Any CPU
		{302DDF83-A258-40BD-AA3F-9604340FD8A6}.Release|x86.ActiveCfg = Release|Any CPU
		{302DDF83-A258-40BD-AA3F-9604340FD8A6}.Release|x86.Build.0 = Release|Any CPU
		{6B944313-623C-4FFF-89BE-8920C8F3F8B7}.Debug|Any CPU.ActiveCfg = Debug|Any CPU
		{6B944313-623C-4FFF-89BE-8920C8F3F8B7}.Debug|Any CPU.Build.0 = Debug|Any CPU
		{6B944313-623C-4FFF-89BE-8920C8F3F8B7}.Debug|x64.ActiveCfg = Debug|Any CPU
		{6B944313-623C-4FFF-89BE-8920C8F3F8B7}.Debug|x64.Build.0 = Debug|Any CPU
		{6B944313-623C-4FFF-89BE-8920C8F3F8B7}.Debug|x86.ActiveCfg = Debug|Any CPU
		{6B944313-623C-4FFF-89BE-8920C8F3F8B7}.Debug|x86.Build.0 = Debug|Any CPU
		{6B944313-623C-4FFF-89BE-8920C8F3F8B7}.Release|Any CPU.ActiveCfg = Release|Any CPU
		{6B944313-623C-4FFF-89BE-8920C8F3F8B7}.Release|Any CPU.Build.0 = Release|Any CPU
		{6B944313-623C-4FFF-89BE-8920C8F3F8B7}.Release|x64.ActiveCfg = Release|Any CPU
		{6B944313-623C-4FFF-89BE-8920C8F3F8B7}.Release|x64.Build.0 = Release|Any CPU
		{6B944313-623C-4FFF-89BE-8920C8F3F8B7}.Release|x86.ActiveCfg = Release|Any CPU
		{6B944313-623C-4FFF-89BE-8920C8F3F8B7}.Release|x86.Build.0 = Release|Any CPU
		{C8C485C7-6CCC-4565-AEBB-7B4A4E83E056}.Debug|Any CPU.ActiveCfg = Debug|Any CPU
		{C8C485C7-6CCC-4565-AEBB-7B4A4E83E056}.Debug|Any CPU.Build.0 = Debug|Any CPU
		{C8C485C7-6CCC-4565-AEBB-7B4A4E83E056}.Debug|x64.ActiveCfg = Debug|Any CPU
		{C8C485C7-6CCC-4565-AEBB-7B4A4E83E056}.Debug|x64.Build.0 = Debug|Any CPU
		{C8C485C7-6CCC-4565-AEBB-7B4A4E83E056}.Debug|x86.ActiveCfg = Debug|Any CPU
		{C8C485C7-6CCC-4565-AEBB-7B4A4E83E056}.Debug|x86.Build.0 = Debug|Any CPU
		{C8C485C7-6CCC-4565-AEBB-7B4A4E83E056}.Release|Any CPU.ActiveCfg = Release|Any CPU
		{C8C485C7-6CCC-4565-AEBB-7B4A4E83E056}.Release|Any CPU.Build.0 = Release|Any CPU
		{C8C485C7-6CCC-4565-AEBB-7B4A4E83E056}.Release|x64.ActiveCfg = Release|Any CPU
		{C8C485C7-6CCC-4565-AEBB-7B4A4E83E056}.Release|x64.Build.0 = Release|Any CPU
		{C8C485C7-6CCC-4565-AEBB-7B4A4E83E056}.Release|x86.ActiveCfg = Release|Any CPU
		{C8C485C7-6CCC-4565-AEBB-7B4A4E83E056}.Release|x86.Build.0 = Release|Any CPU
		{82671B69-FE91-42FE-BA84-DB66ABC1FD80}.Debug|Any CPU.ActiveCfg = Debug|Any CPU
		{82671B69-FE91-42FE-BA84-DB66ABC1FD80}.Debug|Any CPU.Build.0 = Debug|Any CPU
		{82671B69-FE91-42FE-BA84-DB66ABC1FD80}.Debug|x64.ActiveCfg = Debug|Any CPU
		{82671B69-FE91-42FE-BA84-DB66ABC1FD80}.Debug|x64.Build.0 = Debug|Any CPU
		{82671B69-FE91-42FE-BA84-DB66ABC1FD80}.Debug|x86.ActiveCfg = Debug|Any CPU
		{82671B69-FE91-42FE-BA84-DB66ABC1FD80}.Debug|x86.Build.0 = Debug|Any CPU
		{82671B69-FE91-42FE-BA84-DB66ABC1FD80}.Release|Any CPU.ActiveCfg = Release|Any CPU
		{82671B69-FE91-42FE-BA84-DB66ABC1FD80}.Release|Any CPU.Build.0 = Release|Any CPU
		{82671B69-FE91-42FE-BA84-DB66ABC1FD80}.Release|x64.ActiveCfg = Release|Any CPU
		{82671B69-FE91-42FE-BA84-DB66ABC1FD80}.Release|x64.Build.0 = Release|Any CPU
		{82671B69-FE91-42FE-BA84-DB66ABC1FD80}.Release|x86.ActiveCfg = Release|Any CPU
		{82671B69-FE91-42FE-BA84-DB66ABC1FD80}.Release|x86.Build.0 = Release|Any CPU
		{CA47B326-B079-4CBE-8D6C-C73DBFB87B8E}.Debug|Any CPU.ActiveCfg = Debug|Any CPU
		{CA47B326-B079-4CBE-8D6C-C73DBFB87B8E}.Debug|Any CPU.Build.0 = Debug|Any CPU
		{CA47B326-B079-4CBE-8D6C-C73DBFB87B8E}.Debug|x64.ActiveCfg = Debug|Any CPU
		{CA47B326-B079-4CBE-8D6C-C73DBFB87B8E}.Debug|x64.Build.0 = Debug|Any CPU
		{CA47B326-B079-4CBE-8D6C-C73DBFB87B8E}.Debug|x86.ActiveCfg = Debug|Any CPU
		{CA47B326-B079-4CBE-8D6C-C73DBFB87B8E}.Debug|x86.Build.0 = Debug|Any CPU
		{CA47B326-B079-4CBE-8D6C-C73DBFB87B8E}.Release|Any CPU.ActiveCfg = Release|Any CPU
		{CA47B326-B079-4CBE-8D6C-C73DBFB87B8E}.Release|Any CPU.Build.0 = Release|Any CPU
		{CA47B326-B079-4CBE-8D6C-C73DBFB87B8E}.Release|x64.ActiveCfg = Release|Any CPU
		{CA47B326-B079-4CBE-8D6C-C73DBFB87B8E}.Release|x64.Build.0 = Release|Any CPU
		{CA47B326-B079-4CBE-8D6C-C73DBFB87B8E}.Release|x86.ActiveCfg = Release|Any CPU
		{CA47B326-B079-4CBE-8D6C-C73DBFB87B8E}.Release|x86.Build.0 = Release|Any CPU
		{9BF35DC1-A42B-44C0-9133-DAD1ABF7C172}.Debug|Any CPU.ActiveCfg = Debug|Any CPU
		{9BF35DC1-A42B-44C0-9133-DAD1ABF7C172}.Debug|Any CPU.Build.0 = Debug|Any CPU
		{9BF35DC1-A42B-44C0-9133-DAD1ABF7C172}.Debug|x64.ActiveCfg = Debug|Any CPU
		{9BF35DC1-A42B-44C0-9133-DAD1ABF7C172}.Debug|x64.Build.0 = Debug|Any CPU
		{9BF35DC1-A42B-44C0-9133-DAD1ABF7C172}.Debug|x86.ActiveCfg = Debug|Any CPU
		{9BF35DC1-A42B-44C0-9133-DAD1ABF7C172}.Debug|x86.Build.0 = Debug|Any CPU
		{9BF35DC1-A42B-44C0-9133-DAD1ABF7C172}.Release|Any CPU.ActiveCfg = Release|Any CPU
		{9BF35DC1-A42B-44C0-9133-DAD1ABF7C172}.Release|Any CPU.Build.0 = Release|Any CPU
		{9BF35DC1-A42B-44C0-9133-DAD1ABF7C172}.Release|x64.ActiveCfg = Release|Any CPU
		{9BF35DC1-A42B-44C0-9133-DAD1ABF7C172}.Release|x64.Build.0 = Release|Any CPU
		{9BF35DC1-A42B-44C0-9133-DAD1ABF7C172}.Release|x86.ActiveCfg = Release|Any CPU
		{9BF35DC1-A42B-44C0-9133-DAD1ABF7C172}.Release|x86.Build.0 = Release|Any CPU
	EndGlobalSection
EndGlobal
